{
  "name": "@raghulm/aegis-mcp",
  "version": "1.0.9",
  "lockfileVersion": 3,
  "requires": true,
  "packages": {
    "": {
      "name": "@raghulm/aegis-mcp",
      "version": "1.0.4",
      "license": "MIT",
      "dependencies": {
        "@raghulm/aegis-mcp": "^1.0.4"
      },
      "bin": {
        "aegis-mcp": "bin/aegis-mcp.js"
      },
      "engines": {
        "node": ">=18"
      }
    },
    "node_modules/@raghulm/aegis-mcp": {
      "version": "1.0.4",
      "resolved": "https://registry.npmjs.org/@raghulm/aegis-mcp/-/aegis-mcp-1.0.4.tgz",
      "integrity": "sha512-3uQ24NFgzLouFYTfsXoeL6mwo1wBx/RdR481i/dHgQJguWSlCdlBE+NtAtDkpPL1Ac4+z0Nv9SkDjuieKs+ihQ==",
      "license": "MIT",
      "dependencies": {
        "@raghulm/aegis-mcp": "^1.0.3"
      },
      "bin": {
        "aegis-mcp": "bin/aegis-mcp.js"
      },
      "engines": {
        "node": ">=18"
      }
    }
  }
}
